
Microsoft Visual Studio Solution File, Format Version 12.00
# Visual Studio Version 16
VisualStudioVersion = 16.0.30413.136
MinimumVisualStudioVersion = 15.0.26124.0
Project("{9A19103F-16F7-4668-BE54-9A1E7A4F7556}") = "Domain", "Domain\Domain.csproj", "{95FF7BF3-CE6B-42DD-AE39-15F39B695026}"
EndProject
Project("{9A19103F-16F7-4668-BE54-9A1E7A4F7556}") = "Application", "Application\Application.csproj", "{F2800B83-4E34-4822-8A60-A5B8A478E2E1}"
EndProject
Project("{9A19103F-16F7-4668-BE54-9A1E7A4F7556}") = "Persistence", "Persistence\Persistence.csproj", "{28B9A94A-3FC6-4D91-95D1-D5DCF5848FEE}"
EndProject
Project("{9A19103F-16F7-4668-BE54-9A1E7A4F7556}") = "API", "API\API.csproj", "{8A020349-A57F-4C39-901A-EC0BC72415B3}"
EndProject
Project("{FAE04EC0-301F-11D3-BF4B-00C04F79EFBC}") = "Infrastructure", "Infrastructure\Infrastructure.csproj", "{E28CEC5D-0956-49FE-9822-0DF36EE78BD5}"
EndProject
Global
	GlobalSection(SolutionConfigurationPlatforms) = preSolution
		Debug|Any CPU = Debug|Any CPU
		Debug|x64 = Debug|x64
		Debug|x86 = Debug|x86
		Release|Any CPU = Release|Any CPU
		Release|x64 = Release|x64
		Release|x86 = Release|x86
	EndGlobalSection
	GlobalSection(ProjectConfigurationPlatforms) = postSolution
		{95FF7BF3-CE6B-42DD-AE39-15F39B695026}.Debug|Any CPU.ActiveCfg = Debug|Any CPU
		{95FF7BF3-CE6B-42DD-AE39-15F39B695026}.Debug|Any CPU.Build.0 = Debug|Any CPU
		{95FF7BF3-CE6B-42DD-AE39-15F39B695026}.Debug|x64.ActiveCfg = Debug|Any CPU
		{95FF7BF3-CE6B-42DD-AE39-15F39B695026}.Debug|x64.Build.0 = Debug|Any CPU
		{95FF7BF3-CE6B-42DD-AE39-15F39B695026}.Debug|x86.ActiveCfg = Debug|Any CPU
		{95FF7BF3-CE6B-42DD-AE39-15F39B695026}.Debug|x86.Build.0 = Debug|Any CPU
		{95FF7BF3-CE6B-42DD-AE39-15F39B695026}.Release|Any CPU.ActiveCfg = Release|Any CPU
		{95FF7BF3-CE6B-42DD-AE39-15F39B695026}.Release|Any CPU.Build.0 = Release|Any CPU
		{95FF7BF3-CE6B-42DD-AE39-15F39B695026}.Release|x64.ActiveCfg = Release|Any CPU
		{95FF7BF3-CE6B-42DD-AE39-15F39B695026}.Release|x64.Build.0 = Release|Any CPU
		{95FF7BF3-CE6B-42DD-AE39-15F39B695026}.Release|x86.ActiveCfg = Release|Any CPU
		{95FF7BF3-CE6B-42DD-AE39-15F39B695026}.Release|x86.Build.0 = Release|Any CPU
		{F2800B83-4E34-4822-8A60-A5B8A478E2E1}.Debug|Any CPU.ActiveCfg = Debug|Any CPU
		{F2800B83-4E34-4822-8A60-A5B8A478E2E1}.Debug|Any CPU.Build.0 = Debug|Any CPU
		{F2800B83-4E34-4822-8A60-A5B8A478E2E1}.Debug|x64.ActiveCfg = Debug|Any CPU
		{F2800B83-4E34-4822-8A60-A5B8A478E2E1}.Debug|x64.Build.0 = Debug|Any CPU
		{F2800B83-4E34-4822-8A60-A5B8A478E2E1}.Debug|x86.ActiveCfg = Debug|Any CPU
		{F2800B83-4E34-4822-8A60-A5B8A478E2E1}.Debug|x86.Build.0 = Debug|Any CPU
		{F2800B83-4E34-4822-8A60-A5B8A478E2E1}.Release|Any CPU.ActiveCfg = Release|Any CPU
		{F2800B83-4E34-4822-8A60-A5B8A478E2E1}.Release|Any CPU.Build.0 = Release|Any CPU
		{F2800B83-4E34-4822-8A60-A5B8A478E2E1}.Release|x64.ActiveCfg = Release|Any CPU
		{F2800B83-4E34-4822-8A60-A5B8A478E2E1}.Release|x64.Build.0 = Release|Any CPU
		{F2800B83-4E34-4822-8A60-A5B8A478E2E1}.Release|x86.ActiveCfg = Release|Any CPU
		{F2800B83-4E34-4822-8A60-A5B8A478E2E1}.Release|x86.Build.0 = Release|Any CPU
		{28B9A94A-3FC6-4D91-95D1-D5DCF5848FEE}.Debug|Any CPU.ActiveCfg = Debug|Any CPU
		{28B9A94A-3FC6-4D91-95D1-D5DCF5848FEE}.Debug|Any CPU.Build.0 = Debug|Any CPU
		{28B9A94A-3FC6-4D91-95D1-D5DCF5848FEE}.Debug|x64.ActiveCfg = Debug|Any CPU
		{28B9A94A-3FC6-4D91-95D1-D5DCF5848FEE}.Debug|x64.Build.0 = Debug|Any CPU
		{28B9A94A-3FC6-4D91-95D1-D5DCF5848FEE}.Debug|x86.ActiveCfg = Debug|Any CPU
		{28B9A94A-3FC6-4D91-95D1-D5DCF5848FEE}.Debug|x86.Build.0 = Debug|Any CPU
		{28B9A94A-3FC6-4D91-95D1-D5DCF5848FEE}.Release|Any CPU.ActiveCfg = Release|Any CPU
		{28B9A94A-3FC6-4D91-95D1-D5DCF5848FEE}.Release|Any CPU.Build.0 = Release|Any CPU
		{28B9A94A-3FC6-4D91-95D1-D5DCF5848FEE}.Release|x64.ActiveCfg = Release|Any CPU
		{28B9A94A-3FC6-4D91-95D1-D5DCF5848FEE}.Release|x64.Build.0 = Release|Any CPU
		{28B9A94A-3FC6-4D91-95D1-D5DCF5848FEE}.Release|x86.ActiveCfg = Release|Any CPU
		{28B9A94A-3FC6-4D91-95D1-D5DCF5848FEE}.Release|x86.Build.0 = Release|Any CPU
		{8A020349-A57F-4C39-901A-EC0BC72415B3}.Debug|Any CPU.ActiveCfg = Debug|Any CPU
		{8A020349-A57F-4C39-901A-EC0BC72415B3}.Debug|Any CPU.Build.0 = Debug|Any CPU
		{8A020349-A57F-4C39-901A-EC0BC72415B3}.Debug|x64.ActiveCfg = Debug|Any CPU
		{8A020349-A57F-4C39-901A-EC0BC72415B3}.Debug|x64.Build.0 = Debug|Any CPU
		{8A020349-A57F-4C39-901A-EC0BC72415B3}.Debug|x86.ActiveCfg = Debug|Any CPU
		{8A020349-A57F-4C39-901A-EC0BC72415B3}.Debug|x86.Build.0 = Debug|Any CPU
		{8A020349-A57F-4C39-901A-EC0BC72415B3}.Release|Any CPU.ActiveCfg = Release|Any CPU
		{8A020349-A57F-4C39-901A-EC0BC72415B3}.Release|Any CPU.Build.0 = Release|Any CPU
		{8A020349-A57F-4C39-901A-EC0BC72415B3}.Release|x64.ActiveCfg = Release|Any CPU
		{8A020349-A57F-4C39-901A-EC0BC72415B3}.Release|x64.Build.0 = Release|Any CPU
		{8A020349-A57F-4C39-901A-EC0BC72415B3}.Release|x86.ActiveCfg = Release|Any CPU
		{8A020349-A57F-4C39-901A-EC0BC72415B3}.Release|x86.Build.0 = Release|Any CPU
		{E28CEC5D-0956-49FE-9822-0DF36EE78BD5}.Debug|Any CPU.ActiveCfg = Debug|Any CPU
		{E28CEC5D-0956-49FE-9822-0DF36EE78BD5}.Debug|Any CPU.Build.0 = Debug|Any CPU
		{E28CEC5D-0956-49FE-9822-0DF36EE78BD5}.Debug|x64.ActiveCfg = Debug|Any CPU
		{E28CEC5D-0956-49FE-9822-0DF36EE78BD5}.Debug|x64.Build.0 = Debug|Any CPU
		{E28CEC5D-0956-49FE-9822-0DF36EE78BD5}.Debug|x86.ActiveCfg = Debug|Any CPU
		{E28CEC5D-0956-49FE-9822-0DF36EE78BD5}.Debug|x86.Build.0 = Debug|Any CPU
		{E28CEC5D-0956-49FE-9822-0DF36EE78BD5}.Release|Any CPU.ActiveCfg = Release|Any CPU
		{E28CEC5D-0956-49FE-9822-0DF36EE78BD5}.Release|Any CPU.Build.0 = Release|Any CPU
		{E28CEC5D-0956-49FE-9822-0DF36EE78BD5}.Release|x64.ActiveCfg = Release|Any CPU
		{E28CEC5D-0956-49FE-9822-0DF36EE78BD5}.Release|x64.Build.0 = Release|Any CPU
		{E28CEC5D-0956-49FE-9822-0DF36EE78BD5}.Release|x86.ActiveCfg = Release|Any CPU
		{E28CEC5D-0956-49FE-9822-0DF36EE78BD5}.Release|x86.Build.0 = Release|Any CPU
	EndGlobalSection
	GlobalSection(SolutionProperties) = preSolution
		HideSolutionNode = FALSE
	EndGlobalSection
	GlobalSection(ExtensibilityGlobals) = postSolution
		SolutionGuid = {4E6BA873-3809-44E1-9771-80F0E424A13A}
	EndGlobalSection
EndGlobal
